
Microsoft Visual Studio Solution File, Format Version 12.00
# Visual Studio Version 16
VisualStudioVersion = 16.0.29613.14
MinimumVisualStudioVersion = 10.0.40219.1
Project("{FAE04EC0-301F-11D3-BF4B-00C04F79EFBC}") = "Exam2020", "Exam2020\Exam2020.csproj", "{D7F075FD-3983-472B-A5AD-B2AD7CE9E388}"
EndProject
Global
	GlobalSection(SolutionConfigurationPlatforms) = preSolution
		Debug|Any CPU = Debug|Any CPU
		Release|Any CPU = Release|Any CPU
	EndGlobalSection
	GlobalSection(ProjectConfigurationPlatforms) = postSolution
		{D7F075FD-3983-472B-A5AD-B2AD7CE9E388}.Debug|Any CPU.ActiveCfg = Debug|Any CPU
		{D7F075FD-3983-472B-A5AD-B2AD7CE9E388}.Debug|Any CPU.Build.0 = Debug|Any CPU
		{D7F075FD-3983-472B-A5AD-B2AD7CE9E388}.Release|Any CPU.ActiveCfg = Release|Any CPU
		{D7F075FD-3983-472B-A5AD-B2AD7CE9E388}.Release|Any CPU.Build.0 = Release|Any CPU
	EndGlobalSection
	GlobalSection(SolutionProperties) = preSolution
		HideSolutionNode = FALSE
	EndGlobalSection
	GlobalSection(ExtensibilityGlobals) = postSolution
		SolutionGuid = {3AF87EC6-A152-4ADC-9A6F-8B49EE830D31}
	EndGlobalSection
EndGlobal
